
Microsoft Visual Studio Solution File, Format Version 12.00
# Visual Studio 15
VisualStudioVersion = 15.0.27130.2027
MinimumVisualStudioVersion = 10.0.40219.1
Project("{FAE04EC0-301F-11D3-BF4B-00C04F79EFBC}") = "CMDLauncher", "CMDLauncher\CMDLauncher.csproj", "{ECE632AE-B62D-4279-890B-51700A9FB041}"
EndProject
Global
	GlobalSection(SolutionConfigurationPlatforms) = preSolution
		Debug|Any CPU = Debug|Any CPU
		Debug|x64 = Debug|x64
		Debug|x86 = Debug|x86
		Release|Any CPU = Release|Any CPU
		Release|x64 = Release|x64
		Release|x86 = Release|x86
	EndGlobalSection
	GlobalSection(ProjectConfigurationPlatforms) = postSolution
		{ECE632AE-B62D-4279-890B-51700A9FB041}.Debug|Any CPU.ActiveCfg = Debug|Any CPU
		{ECE632AE-B62D-4279-890B-51700A9FB041}.Debug|Any CPU.Build.0 = Debug|Any CPU
		{ECE632AE-B62D-4279-890B-51700A9FB041}.Debug|x64.ActiveCfg = Debug|x64
		{ECE632AE-B62D-4279-890B-51700A9FB041}.Debug|x64.Build.0 = Debug|x64
		{ECE632AE-B62D-4279-890B-51700A9FB041}.Debug|x86.ActiveCfg = Debug|x86
		{ECE632AE-B62D-4279-890B-51700A9FB041}.Debug|x86.Build.0 = Debug|x86
		{ECE632AE-B62D-4279-890B-51700A9FB041}.Release|Any CPU.ActiveCfg = Release|Any CPU
		{ECE632AE-B62D-4279-890B-51700A9FB041}.Release|Any CPU.Build.0 = Release|Any CPU
		{ECE632AE-B62D-4279-890B-51700A9FB041}.Release|x64.ActiveCfg = Release|x64
		{ECE632AE-B62D-4279-890B-51700A9FB041}.Release|x64.Build.0 = Release|x64
		{ECE632AE-B62D-4279-890B-51700A9FB041}.Release|x86.ActiveCfg = Release|x86
		{ECE632AE-B62D-4279-890B-51700A9FB041}.Release|x86.Build.0 = Release|x86
	EndGlobalSection
	GlobalSection(SolutionProperties) = preSolution
		HideSolutionNode = FALSE
	EndGlobalSection
	GlobalSection(ExtensibilityGlobals) = postSolution
		SolutionGuid = {F2C51EC0-9D52-4620-83FA-382421FE6830}
	EndGlobalSection
	GlobalSection(MonoDevelopProperties) = preSolution
		Policies = $0
		$0.DotNetNamingPolicy = $1
		$1.DirectoryNamespaceAssociation = PrefixedHierarchical
		$0.TextStylePolicy = $2
		$2.inheritsSet = null
		$2.scope = text/x-csharp
		$0.CSharpFormattingPolicy = $3
		$3.scope = text/x-csharp
		$0.StandardHeader = $4
		$0.VersionControlPolicy = $5
	EndGlobalSection
EndGlobal
